
Microsoft Visual Studio Solution File, Format Version 12.00
# Visual Studio Version 17
VisualStudioVersion = 17.10.35004.147
MinimumVisualStudioVersion = 10.0.40219.1
Project("{FAE04EC0-301F-11D3-BF4B-00C04F79EFBC}") = "CRUD Application 2", "CRUD Application 2\CRUD Application 2.csproj", "{E1EAA3D5-A199-457B-8C0E-65064C18906A}"
EndProject
Project("{FAE04EC0-301F-11D3-BF4B-00C04F79EFBC}") = "CRUD Application 2 Tests", "CRUD Application 2 Tests\CRUD Application 2 Tests.csproj", "{4FE45B6E-4996-4BFC-95F5-ED08E23D73B0}"
EndProject
Global
	GlobalSection(SolutionConfigurationPlatforms) = preSolution
		Debug|Any CPU = Debug|Any CPU
		Release|Any CPU = Release|Any CPU
	EndGlobalSection
	GlobalSection(ProjectConfigurationPlatforms) = postSolution
		{E1EAA3D5-A199-457B-8C0E-65064C18906A}.Debug|Any CPU.ActiveCfg = Debug|Any CPU
		{E1EAA3D5-A199-457B-8C0E-65064C18906A}.Debug|Any CPU.Build.0 = Debug|Any CPU
		{E1EAA3D5-A199-457B-8C0E-65064C18906A}.Release|Any CPU.ActiveCfg = Release|Any CPU
		{E1EAA3D5-A199-457B-8C0E-65064C18906A}.Release|Any CPU.Build.0 = Release|Any CPU
		{4FE45B6E-4996-4BFC-95F5-ED08E23D73B0}.Debug|Any CPU.ActiveCfg = Debug|Any CPU
		{4FE45B6E-4996-4BFC-95F5-ED08E23D73B0}.Debug|Any CPU.Build.0 = Debug|Any CPU
		{4FE45B6E-4996-4BFC-95F5-ED08E23D73B0}.Release|Any CPU.ActiveCfg = Release|Any CPU
		{4FE45B6E-4996-4BFC-95F5-ED08E23D73B0}.Release|Any CPU.Build.0 = Release|Any CPU
	EndGlobalSection
	GlobalSection(SolutionProperties) = preSolution
		HideSolutionNode = FALSE
	EndGlobalSection
	GlobalSection(ExtensibilityGlobals) = postSolution
		SolutionGuid = {3939816E-86B6-4EFA-AF82-D97D53FB96A7}
	EndGlobalSection
EndGlobal
